
Microsoft Visual Studio Solution File, Format Version 12.00
# Visual Studio 15
VisualStudioVersion = 15.0.27130.2036
MinimumVisualStudioVersion = 10.0.40219.1
Project("{FAE04EC0-301F-11D3-BF4B-00C04F79EFBC}") = "ElementToElement", "WPF_Binding\ElementToElement.csproj", "{6762C92A-1EFC-4CBF-B2A6-86199AFA83C9}"
EndProject
Project("{FAE04EC0-301F-11D3-BF4B-00C04F79EFBC}") = "SingleObject", "SingleObject\SingleObject.csproj", "{E9C5403D-2672-4DAB-961F-7F7F0B72217B}"
EndProject
Project("{FAE04EC0-301F-11D3-BF4B-00C04F79EFBC}") = "Collection", "Collection\Collection.csproj", "{378887D0-7798-48DB-AED0-E2BCAC956C22}"
EndProject
Project("{FAE04EC0-301F-11D3-BF4B-00C04F79EFBC}") = "Collection2", "Collection2\Collection2.csproj", "{9BAF6E78-8EE0-4C13-8EEB-99E70A4EFF80}"
EndProject
Project("{FAE04EC0-301F-11D3-BF4B-00C04F79EFBC}") = "DataTemplates", "DataTemplates\DataTemplates.csproj", "{17F413FF-06E1-4E49-AFE6-7C2C9F4606BA}"
EndProject
Project("{FAE04EC0-301F-11D3-BF4B-00C04F79EFBC}") = "ValueConverters", "ValueConverters\ValueConverters.csproj", "{7CFDB29C-3823-4821-B5DC-39EC36F15E60}"
EndProject
Project("{FAE04EC0-301F-11D3-BF4B-00C04F79EFBC}") = "MasterDetailView", "MasterDetailView\MasterDetailView.csproj", "{ABA145CA-CAAE-4C48-AF53-65C8F11347B4}"
EndProject
Project("{FAE04EC0-301F-11D3-BF4B-00C04F79EFBC}") = "SortingFiltering", "SortingFiltering\SortingFiltering.csproj", "{452C2063-886D-4DD5-A0EF-26B17C8DE678}"
EndProject
Global
	GlobalSection(SolutionConfigurationPlatforms) = preSolution
		Debug|Any CPU = Debug|Any CPU
		Release|Any CPU = Release|Any CPU
	EndGlobalSection
	GlobalSection(ProjectConfigurationPlatforms) = postSolution
		{6762C92A-1EFC-4CBF-B2A6-86199AFA83C9}.Debug|Any CPU.ActiveCfg = Debug|Any CPU
		{6762C92A-1EFC-4CBF-B2A6-86199AFA83C9}.Debug|Any CPU.Build.0 = Debug|Any CPU
		{6762C92A-1EFC-4CBF-B2A6-86199AFA83C9}.Release|Any CPU.ActiveCfg = Release|Any CPU
		{6762C92A-1EFC-4CBF-B2A6-86199AFA83C9}.Release|Any CPU.Build.0 = Release|Any CPU
		{E9C5403D-2672-4DAB-961F-7F7F0B72217B}.Debug|Any CPU.ActiveCfg = Debug|Any CPU
		{E9C5403D-2672-4DAB-961F-7F7F0B72217B}.Debug|Any CPU.Build.0 = Debug|Any CPU
		{E9C5403D-2672-4DAB-961F-7F7F0B72217B}.Release|Any CPU.ActiveCfg = Release|Any CPU
		{E9C5403D-2672-4DAB-961F-7F7F0B72217B}.Release|Any CPU.Build.0 = Release|Any CPU
		{378887D0-7798-48DB-AED0-E2BCAC956C22}.Debug|Any CPU.ActiveCfg = Debug|Any CPU
		{378887D0-7798-48DB-AED0-E2BCAC956C22}.Debug|Any CPU.Build.0 = Debug|Any CPU
		{378887D0-7798-48DB-AED0-E2BCAC956C22}.Release|Any CPU.ActiveCfg = Release|Any CPU
		{378887D0-7798-48DB-AED0-E2BCAC956C22}.Release|Any CPU.Build.0 = Release|Any CPU
		{9BAF6E78-8EE0-4C13-8EEB-99E70A4EFF80}.Debug|Any CPU.ActiveCfg = Debug|Any CPU
		{9BAF6E78-8EE0-4C13-8EEB-99E70A4EFF80}.Debug|Any CPU.Build.0 = Debug|Any CPU
		{9BAF6E78-8EE0-4C13-8EEB-99E70A4EFF80}.Release|Any CPU.ActiveCfg = Release|Any CPU
		{9BAF6E78-8EE0-4C13-8EEB-99E70A4EFF80}.Release|Any CPU.Build.0 = Release|Any CPU
		{17F413FF-06E1-4E49-AFE6-7C2C9F4606BA}.Debug|Any CPU.ActiveCfg = Debug|Any CPU
		{17F413FF-06E1-4E49-AFE6-7C2C9F4606BA}.Debug|Any CPU.Build.0 = Debug|Any CPU
		{17F413FF-06E1-4E49-AFE6-7C2C9F4606BA}.Release|Any CPU.ActiveCfg = Release|Any CPU
		{17F413FF-06E1-4E49-AFE6-7C2C9F4606BA}.Release|Any CPU.Build.0 = Release|Any CPU
		{7CFDB29C-3823-4821-B5DC-39EC36F15E60}.Debug|Any CPU.ActiveCfg = Debug|Any CPU
		{7CFDB29C-3823-4821-B5DC-39EC36F15E60}.Debug|Any CPU.Build.0 = Debug|Any CPU
		{7CFDB29C-3823-4821-B5DC-39EC36F15E60}.Release|Any CPU.ActiveCfg = Release|Any CPU
		{7CFDB29C-3823-4821-B5DC-39EC36F15E60}.Release|Any CPU.Build.0 = Release|Any CPU
		{ABA145CA-CAAE-4C48-AF53-65C8F11347B4}.Debug|Any CPU.ActiveCfg = Debug|Any CPU
		{ABA145CA-CAAE-4C48-AF53-65C8F11347B4}.Debug|Any CPU.Build.0 = Debug|Any CPU
		{ABA145CA-CAAE-4C48-AF53-65C8F11347B4}.Release|Any CPU.ActiveCfg = Release|Any CPU
		{ABA145CA-CAAE-4C48-AF53-65C8F11347B4}.Release|Any CPU.Build.0 = Release|Any CPU
		{452C2063-886D-4DD5-A0EF-26B17C8DE678}.Debug|Any CPU.ActiveCfg = Debug|Any CPU
		{452C2063-886D-4DD5-A0EF-26B17C8DE678}.Debug|Any CPU.Build.0 = Debug|Any CPU
		{452C2063-886D-4DD5-A0EF-26B17C8DE678}.Release|Any CPU.ActiveCfg = Release|Any CPU
		{452C2063-886D-4DD5-A0EF-26B17C8DE678}.Release|Any CPU.Build.0 = Release|Any CPU
	EndGlobalSection
	GlobalSection(SolutionProperties) = preSolution
		HideSolutionNode = FALSE
	EndGlobalSection
	GlobalSection(ExtensibilityGlobals) = postSolution
		SolutionGuid = {59A8C8C2-BA55-4961-86ED-F86DC3D1B3A4}
	EndGlobalSection
EndGlobal
